
Microsoft Visual Studio Solution File, Format Version 12.00
# Visual Studio 15
VisualStudioVersion = 15.0.26430.12
MinimumVisualStudioVersion = 10.0.40219.1
Project("{FAE04EC0-301F-11D3-BF4B-00C04F79EFBC}") = "SHGuestsPrism", "SHGuestsPrism\SHGuestsPrism.csproj", "{99C9E82C-C594-446D-AA59-8FFBC43AD226}"
EndProject
Project("{FAE04EC0-301F-11D3-BF4B-00C04F79EFBC}") = "ModuleA", "ModuleA\ModuleA.csproj", "{14FF515D-D834-405A-9FAC-8FFA9230DCFB}"
EndProject
Project("{FAE04EC0-301F-11D3-BF4B-00C04F79EFBC}") = "NoShowsModule", "NoShowsModule\NoShowsModule.csproj", "{E064E94E-672B-4BC5-A1DE-29248AA08B85}"
EndProject
Global
	GlobalSection(SolutionConfigurationPlatforms) = preSolution
		Debug|Any CPU = Debug|Any CPU
		Release|Any CPU = Release|Any CPU
	EndGlobalSection
	GlobalSection(ProjectConfigurationPlatforms) = postSolution
		{99C9E82C-C594-446D-AA59-8FFBC43AD226}.Debug|Any CPU.ActiveCfg = Debug|Any CPU
		{99C9E82C-C594-446D-AA59-8FFBC43AD226}.Debug|Any CPU.Build.0 = Debug|Any CPU
		{99C9E82C-C594-446D-AA59-8FFBC43AD226}.Release|Any CPU.ActiveCfg = Release|Any CPU
		{99C9E82C-C594-446D-AA59-8FFBC43AD226}.Release|Any CPU.Build.0 = Release|Any CPU
		{14FF515D-D834-405A-9FAC-8FFA9230DCFB}.Debug|Any CPU.ActiveCfg = Debug|Any CPU
		{14FF515D-D834-405A-9FAC-8FFA9230DCFB}.Debug|Any CPU.Build.0 = Debug|Any CPU
		{14FF515D-D834-405A-9FAC-8FFA9230DCFB}.Release|Any CPU.ActiveCfg = Release|Any CPU
		{14FF515D-D834-405A-9FAC-8FFA9230DCFB}.Release|Any CPU.Build.0 = Release|Any CPU
		{E064E94E-672B-4BC5-A1DE-29248AA08B85}.Debug|Any CPU.ActiveCfg = Debug|Any CPU
		{E064E94E-672B-4BC5-A1DE-29248AA08B85}.Debug|Any CPU.Build.0 = Debug|Any CPU
		{E064E94E-672B-4BC5-A1DE-29248AA08B85}.Release|Any CPU.ActiveCfg = Release|Any CPU
		{E064E94E-672B-4BC5-A1DE-29248AA08B85}.Release|Any CPU.Build.0 = Release|Any CPU
	EndGlobalSection
	GlobalSection(SolutionProperties) = preSolution
		HideSolutionNode = FALSE
	EndGlobalSection
EndGlobal
